<?xml version="1.0" encoding="utf-8"?>
<Project ToolsVersion="4.0" xmlns="http://schemas.microsoft.com/developer/msbuild/2003">
  <ItemGroup>
    <Filter Include="Source Files">
      <UniqueIdentifier>{4FC737F1-C7A5-4376-A066-2A32D752A2FF}</UniqueIdentifier>
      <Extensions>cpp;c;cc;cxx;c++;cppm;ixx;def;odl;idl;hpj;bat;asm;asmx</Extensions>
    </Filter>
    <Filter Include="Header Files">
      <UniqueIdentifier>{93995380-89BD-4b04-88EB-625FBE52EBFB}</UniqueIdentifier>
      <Extensions>h;hh;hpp;hxx;h++;hm;inl;inc;ipp;xsd</Extensions>
    </Filter>
    <Filter Include="Resource Files">
      <UniqueIdentifier>{67DA6AB6-F800-4c08-8B7A-83BB121AAD01}</UniqueIdentifier>
      <Extensions>rc;ico;cur;bmp;dlg;rc2;rct;bin;rgs;gif;jpg;jpeg;jpe;resx;tiff;tif;png;wav;mfcribbon-ms</Extensions>
    </Filter>
    <Filter Include="Common">
      <UniqueIdentifier>{4da73e88-7b09-42c1-b89e-7222bf705633}</UniqueIdentifier>
    </Filter>
  </ItemGroup>
  <ItemGroup>
    <ClCompile Include="..\..\Common\DDSTextureLoader.cpp">
      <Filter>Common</Filter>
    </ClCompile>
    <ClCompile Include="..\..\Common\d3dUtil.cpp">
      <Filter>Common</Filter>
    </ClCompile>
    <ClCompile Include="..\..\Common\d3dApp.cpp">
      <Filter>Common</Filter>
    </ClCompile>
    <ClCompile Include="..\..\Common\Camera.cpp">
      <Filter>Common</Filter>
    </ClCompile>
    <ClCompile Include="..\..\Common\GameTimer.cpp">
      <Filter>Common</Filter>
    </ClCompile>
    <ClCompile Include="..\..\Common\GeometryGenerator.cpp">
      <Filter>Common</Filter>
    </ClCompile>
    <ClCompile Include="..\..\Common\MathHelper.cpp">
      <Filter>Common</Filter>
    </ClCompile>
    <ClCompile Include="Week4-6-ShapeComplete.cpp">
      <Filter>Source Files</Filter>
    </ClCompile>
    <ClCompile Include="FrameResource.cpp">
      <Filter>Source Files</Filter>
    </ClCompile>
  </ItemGroup>
  <ItemGroup>
    <ClInclude Include="..\..\Common\UploadBuffer.h">
      <Filter>Common</Filter>
    </ClInclude>
    <ClInclude Include="..\..\Common\d3dApp.h">
      <Filter>Common</Filter>
    </ClInclude>
    <ClInclude Include="..\..\Common\Camera.h">
      <Filter>Common</Filter>
    </ClInclude>
    <ClInclude Include="..\..\Common\d3dUtil.h">
      <Filter>Common</Filter>
    </ClInclude>
    <ClInclude Include="..\..\Common\d3dx12.h">
      <Filter>Common</Filter>
    </ClInclude>
    <ClInclude Include="..\..\Common\DDSTextureLoader.h">
      <Filter>Common</Filter>
    </ClInclude>
    <ClInclude Include="..\..\Common\GameTimer.h">
      <Filter>Common</Filter>
    </ClInclude>
    <ClInclude Include="..\..\Common\GeometryGenerator.h">
      <Filter>Common</Filter>
    </ClInclude>
    <ClInclude Include="..\..\Common\MathHelper.h">
      <Filter>Common</Filter>
    </ClInclude>
    <ClInclude Include="FrameResource.h">
      <Filter>Source Files</Filter>
    </ClInclude>
  </ItemGroup>
  <ItemGroup>
    <Image Include="Textures\pdtextures\HiCompress\461223101.dds" />
    <Image Include="Textures\pdtextures\HiCompress\461223102.dds" />
    <Image Include="Textures\pdtextures\HiCompress\461223103.dds" />
    <Image Include="Textures\pdtextures\HiCompress\461223104.dds" />
    <Image Include="Textures\pdtextures\HiCompress\461223105.dds" />
    <Image Include="Textures\pdtextures\HiCompress\461223106.dds" />
    <Image Include="Textures\pdtextures\HiCompress\461223107.dds" />
    <Image Include="Textures\pdtextures\HiCompress\461223108.dds" />
    <Image Include="Textures\pdtextures\HiCompress\461223109.dds" />
    <Image Include="Textures\pdtextures\HiCompress\461223110.dds" />
    <Image Include="Textures\pdtextures\HiCompress\461223111.dds" />
    <Image Include="Textures\pdtextures\HiCompress\461223112.dds" />
    <Image Include="Textures\pdtextures\HiCompress\461223113.dds" />
    <Image Include="Textures\pdtextures\HiCompress\461223114.dds" />
    <Image Include="Textures\pdtextures\HiCompress\461223115.dds" />
    <Image Include="Textures\pdtextures\HiCompress\461223116.dds" />
    <Image Include="Textures\pdtextures\HiCompress\461223117.dds" />
    <Image Include="Textures\pdtextures\HiCompress\461223118.dds" />
    <Image Include="Textures\pdtextures\HiCompress\461223119.dds" />
    <Image Include="Textures\pdtextures\HiCompress\461223120.dds" />
    <Image Include="Textures\pdtextures\HiCompress\461223121.dds" />
    <Image Include="Textures\pdtextures\HiCompress\461223122.dds" />
    <Image Include="Textures\pdtextures\HiCompress\461223123.dds" />
    <Image Include="Textures\pdtextures\HiCompress\461223124.dds" />
    <Image Include="Textures\pdtextures\HiCompress\461223125.dds" />
    <Image Include="Textures\pdtextures\HiCompress\461223126.dds" />
    <Image Include="Textures\pdtextures\HiCompress\461223127.dds" />
    <Image Include="Textures\pdtextures\HiCompress\461223128.dds" />
    <Image Include="Textures\pdtextures\HiCompress\461223129.dds" />
    <Image Include="Textures\pdtextures\HiCompress\461223130.dds" />
    <Image Include="Textures\pdtextures\HiCompress\461223131.dds" />
    <Image Include="Textures\pdtextures\HiCompress\461223132.dds" />
    <Image Include="Textures\pdtextures\HiCompress\461223133.dds" />
    <Image Include="Textures\pdtextures\HiCompress\461223134.dds" />
    <Image Include="Textures\pdtextures\HiCompress\461223135.dds" />
    <Image Include="Textures\pdtextures\HiCompress\461223136.dds" />
    <Image Include="Textures\pdtextures\HiCompress\461223137.dds" />
    <Image Include="Textures\pdtextures\HiCompress\461223138.dds" />
    <Image Include="Textures\pdtextures\HiCompress\461223139.dds" />
    <Image Include="Textures\pdtextures\HiCompress\461223140.dds" />
    <Image Include="Textures\pdtextures\HiCompress\461223141.dds" />
    <Image Include="Textures\pdtextures\HiCompress\461223142.dds" />
    <Image Include="Textures\pdtextures\HiCompress\461223143.dds" />
    <Image Include="Textures\pdtextures\HiCompress\461223144.dds" />
    <Image Include="Textures\pdtextures\HiCompress\461223145.dds" />
    <Image Include="Textures\pdtextures\HiCompress\461223146.dds" />
    <Image Include="Textures\pdtextures\HiCompress\461223147.dds" />
    <Image Include="Textures\pdtextures\HiCompress\461223148.dds" />
    <Image Include="Textures\pdtextures\HiCompress\461223149.dds" />
    <Image Include="Textures\pdtextures\HiCompress\461223150.dds" />
    <Image Include="Textures\pdtextures\HiCompress\461223151.dds" />
    <Image Include="Textures\pdtextures\HiCompress\461223152.dds" />
    <Image Include="Textures\pdtextures\HiCompress\461223153.dds" />
    <Image Include="Textures\pdtextures\HiCompress\461223154.dds" />
    <Image Include="Textures\pdtextures\HiCompress\461223155.dds" />
    <Image Include="Textures\pdtextures\HiCompress\461223156.dds" />
    <Image Include="Textures\pdtextures\HiCompress\461223157.dds" />
    <Image Include="Textures\pdtextures\HiCompress\461223158.dds" />
    <Image Include="Textures\pdtextures\HiCompress\461223159.dds" />
    <Image Include="Textures\pdtextures\HiCompress\461223160.dds" />
    <Image Include="Textures\pdtextures\HiCompress\461223161.dds" />
    <Image Include="Textures\pdtextures\HiCompress\461223162.dds" />
    <Image Include="Textures\pdtextures\HiCompress\461223163.dds" />
    <Image Include="Textures\pdtextures\HiCompress\461223164.dds" />
    <Image Include="Textures\pdtextures\HiCompress\461223165.dds" />
    <Image Include="Textures\pdtextures\HiCompress\461223166.dds" />
    <Image Include="Textures\pdtextures\HiCompress\461223167.dds" />
    <Image Include="Textures\pdtextures\HiCompress\461223168.dds" />
    <Image Include="Textures\pdtextures\HiCompress\461223169.dds" />
    <Image Include="Textures\pdtextures\HiCompress\461223170.dds" />
    <Image Include="Textures\pdtextures\HiCompress\461223171.dds" />
    <Image Include="Textures\pdtextures\HiCompress\461223172.dds" />
    <Image Include="Textures\pdtextures\HiCompress\461223173.dds" />
    <Image Include="Textures\pdtextures\HiCompress\461223174.dds" />
    <Image Include="Textures\pdtextures\HiCompress\461223175.dds" />
    <Image Include="Textures\pdtextures\HiCompress\461223176.dds" />
    <Image Include="Textures\pdtextures\HiCompress\461223177.dds" />
    <Image Include="Textures\pdtextures\HiCompress\461223178.dds" />
    <Image Include="Textures\pdtextures\HiCompress\461223179.dds" />
    <Image Include="Textures\pdtextures\HiCompress\461223180.dds" />
    <Image Include="Textures\pdtextures\HiCompress\461223181.dds" />
    <Image Include="Textures\pdtextures\HiCompress\461223182.dds" />
    <Image Include="Textures\pdtextures\HiCompress\461223183.dds" />
    <Image Include="Textures\pdtextures\HiCompress\461223184.dds" />
    <Image Include="Textures\pdtextures\HiCompress\461223185.dds" />
    <Image Include="Textures\pdtextures\HiCompress\461223186.dds" />
    <Image Include="Textures\pdtextures\HiCompress\461223187.dds" />
    <Image Include="Textures\pdtextures\HiCompress\461223188.dds" />
    <Image Include="Textures\pdtextures\HiCompress\461223189.dds" />
    <Image Include="Textures\pdtextures\HiCompress\461223190.dds" />
    <Image Include="Textures\pdtextures\HiCompress\461223191.dds" />
    <Image Include="Textures\pdtextures\HiCompress\461223192.dds" />
    <Image Include="Textures\pdtextures\HiCompress\461223193.dds" />
    <Image Include="Textures\pdtextures\HiCompress\461223194.dds" />
    <Image Include="Textures\pdtextures\HiCompress\461223195.dds" />
    <Image Include="Textures\pdtextures\HiCompress\461223196.dds" />
    <Image Include="Textures\pdtextures\HiCompress\461223197.dds" />
    <Image Include="Textures\pdtextures\HiCompress\461223198.dds" />
    <Image Include="Textures\pdtextures\HiCompress\461223199.dds" />
    <Image Include="Textures\pdtextures\HiCompress\461223200.dds" />
  </ItemGroup>
</Project>